lockfileVersion: '6.0'

settings:
  autoInstallPeers: true
  excludeLinksFromLockfile: false

dependencies:
  acorn:
    specifier: ^8.11.3
    version: 8.11.3
  acorn-jsx:
    specifier: ^5.3.2
    version: 5.3.2(acorn@8.11.3)
  astring:
    specifier: ^1.8.6
    version: 1.8.6
  html-void-elements:
    specifier: ^3.0.0
    version: 3.0.0
  is-valid-es-identifier:
    specifier: ^2.0.0
    version: 2.0.0
  source-map:
    specifier: ^0.7.4
    version: 0.7.4

packages:

  /acorn-jsx@5.3.2(acorn@8.11.3):
    resolution: {integrity: sha512-rq9s+JNhf0IChjtDXxllJ7g41oZk5SlXtp0LHwyA5cejwn7vKmKp4pPri6YEePv2PU65sAsegbXtIinmDFDXgQ==}
    peerDependencies:
      acorn: ^6.0.0 || ^7.0.0 || ^8.0.0
    dependencies:
      acorn: 8.11.3
    dev: false

  /acorn@8.11.3:
    resolution: {integrity: sha512-Y9rRfJG5jcKOE0CLisYbojUjIrIEE7AGMzA/Sm4BslANhbS+cDMpgBdcPT91oJ7OuJ9hYJBx59RjbhxVnrF8Xg==}
    engines: {node: '>=0.4.0'}
    hasBin: true
    dev: false

  /astring@1.8.6:
    resolution: {integrity: sha512-ISvCdHdlTDlH5IpxQJIex7BWBywFWgjJSVdwst+/iQCoEYnyOaQ95+X1JGshuBjGp6nxKUy1jMgE3zPqN7fQdg==}
    hasBin: true
    dev: false

  /html-void-elements@3.0.0:
    resolution: {integrity: sha512-bEqo66MRXsUGxWHV5IP0PUiAWwoEjba4VCzg0LjFJBpchPaTfyfCKTG6bc5F8ucKec3q5y6qOdGyYTSBEvhCrg==}
    dev: false

  /is-valid-es-identifier@2.0.0:
    resolution: {integrity: sha512-pGthdulPJ9pcbsAbeHi7m/azRH1ik8N3UGK5aDodEEIKmBabiJ1KJUriQkgrnjVFA72yip6ueQRujluSzDInAQ==}
    dev: false

  /source-map@0.7.4:
    resolution: {integrity: sha512-l3BikUxvPOcn5E74dZiq5BGsTb5yEwhaTSzccU6t4sDOH8NWJCstKO5QT2CvtFoK6F0saL7p9xHAqHOlCPJygA==}
    engines: {node: '>= 8'}
    dev: false
