lockfileVersion: '6.0'

settings:
  autoInstallPeers: true
  excludeLinksFromLockfile: false

dependencies:
  '@azothjs/channels':
    specifier: workspace:*
    version: link:../channels
  '@azothjs/runtime':
    specifier: workspace:*
    version: link:../runtime
  '@azothjs/vite-plugin':
    specifier: workspace:*
    version: link:../vite-plugin
