lockfileVersion: '6.0'

settings:
  autoInstallPeers: true
  excludeLinksFromLockfile: false

dependencies:
  '@azothjs/chronos':
    specifier: workspace:*
    version: link:../chronos
  '@azothjs/maya':
    specifier: workspace:*
    version: link:../maya
  '@azothjs/vite-plugin':
    specifier: workspace:*
    version: link:../vite-plugin
