lockfileVersion: '6.0'

settings:
  autoInstallPeers: true
  excludeLinksFromLockfile: false

dependencies:
  '@azoth-web/channels':
    specifier: workspace:^
    version: link:../channels
  '@azoth-web/runtime':
    specifier: workspace:^
    version: link:../runtime
  '@azoth-web/vite-plugin':
    specifier: workspace:^
    version: link:../vite-plugin
